# generated by rye
# use `rye lock` or `rye sync` to update this lockfile
#
# last locked with the following flags:
#   pre: false
#   features: []
#   all-features: false
#   with-sources: false
#   generate-hashes: false
#   universal: false

-e file:packages/gtfs-jp
-e file:packages/oudia
    # via oudia2gtfs
-e file:packages/oudia2gtfs
